
Microsoft Visual Studio Solution File, Format Version 12.00
# Visual Studio 15
VisualStudioVersion = 15.0.26124.0
MinimumVisualStudioVersion = 15.0.26124.0
Project("{2150E333-8FDC-42A3-9474-1A3956D46DE8}") = "src", "src", "{EBDDDA70-20AC-45BA-B5F9-CF915401F10B}"
EndProject
Project("{FAE04EC0-301F-11D3-BF4B-00C04F79EFBC}") = "CommandAPI", "src\CommandAPI\CommandAPI.csproj", "{8C2D2431-AE12-4547-86C1-2D4C5EE2B125}"
EndProject
Project("{2150E333-8FDC-42A3-9474-1A3956D46DE8}") = "test", "test", "{A439B723-23A4-417A-86FF-A7DA1D5E178B}"
EndProject
Project("{FAE04EC0-301F-11D3-BF4B-00C04F79EFBC}") = "CommandAPI.Tests", "test\CommandAPI.Tests\CommandAPI.Tests.csproj", "{3F442FA7-B1CF-4607-9D0B-A4DB47F01014}"
EndProject
Global
	GlobalSection(SolutionConfigurationPlatforms) = preSolution
		Debug|Any CPU = Debug|Any CPU
		Debug|x64 = Debug|x64
		Debug|x86 = Debug|x86
		Release|Any CPU = Release|Any CPU
		Release|x64 = Release|x64
		Release|x86 = Release|x86
	EndGlobalSection
	GlobalSection(SolutionProperties) = preSolution
		HideSolutionNode = FALSE
	EndGlobalSection
	GlobalSection(ProjectConfigurationPlatforms) = postSolution
		{8C2D2431-AE12-4547-86C1-2D4C5EE2B125}.Debug|Any CPU.ActiveCfg = Debug|Any CPU
		{8C2D2431-AE12-4547-86C1-2D4C5EE2B125}.Debug|Any CPU.Build.0 = Debug|Any CPU
		{8C2D2431-AE12-4547-86C1-2D4C5EE2B125}.Debug|x64.ActiveCfg = Debug|Any CPU
		{8C2D2431-AE12-4547-86C1-2D4C5EE2B125}.Debug|x64.Build.0 = Debug|Any CPU
		{8C2D2431-AE12-4547-86C1-2D4C5EE2B125}.Debug|x86.ActiveCfg = Debug|Any CPU
		{8C2D2431-AE12-4547-86C1-2D4C5EE2B125}.Debug|x86.Build.0 = Debug|Any CPU
		{8C2D2431-AE12-4547-86C1-2D4C5EE2B125}.Release|Any CPU.ActiveCfg = Release|Any CPU
		{8C2D2431-AE12-4547-86C1-2D4C5EE2B125}.Release|Any CPU.Build.0 = Release|Any CPU
		{8C2D2431-AE12-4547-86C1-2D4C5EE2B125}.Release|x64.ActiveCfg = Release|Any CPU
		{8C2D2431-AE12-4547-86C1-2D4C5EE2B125}.Release|x64.Build.0 = Release|Any CPU
		{8C2D2431-AE12-4547-86C1-2D4C5EE2B125}.Release|x86.ActiveCfg = Release|Any CPU
		{8C2D2431-AE12-4547-86C1-2D4C5EE2B125}.Release|x86.Build.0 = Release|Any CPU
		{3F442FA7-B1CF-4607-9D0B-A4DB47F01014}.Debug|Any CPU.ActiveCfg = Debug|Any CPU
		{3F442FA7-B1CF-4607-9D0B-A4DB47F01014}.Debug|Any CPU.Build.0 = Debug|Any CPU
		{3F442FA7-B1CF-4607-9D0B-A4DB47F01014}.Debug|x64.ActiveCfg = Debug|Any CPU
		{3F442FA7-B1CF-4607-9D0B-A4DB47F01014}.Debug|x64.Build.0 = Debug|Any CPU
		{3F442FA7-B1CF-4607-9D0B-A4DB47F01014}.Debug|x86.ActiveCfg = Debug|Any CPU
		{3F442FA7-B1CF-4607-9D0B-A4DB47F01014}.Debug|x86.Build.0 = Debug|Any CPU
		{3F442FA7-B1CF-4607-9D0B-A4DB47F01014}.Release|Any CPU.ActiveCfg = Release|Any CPU
		{3F442FA7-B1CF-4607-9D0B-A4DB47F01014}.Release|Any CPU.Build.0 = Release|Any CPU
		{3F442FA7-B1CF-4607-9D0B-A4DB47F01014}.Release|x64.ActiveCfg = Release|Any CPU
		{3F442FA7-B1CF-4607-9D0B-A4DB47F01014}.Release|x64.Build.0 = Release|Any CPU
		{3F442FA7-B1CF-4607-9D0B-A4DB47F01014}.Release|x86.ActiveCfg = Release|Any CPU
		{3F442FA7-B1CF-4607-9D0B-A4DB47F01014}.Release|x86.Build.0 = Release|Any CPU
	EndGlobalSection
	GlobalSection(NestedProjects) = preSolution
		{8C2D2431-AE12-4547-86C1-2D4C5EE2B125} = {EBDDDA70-20AC-45BA-B5F9-CF915401F10B}
		{3F442FA7-B1CF-4607-9D0B-A4DB47F01014} = {A439B723-23A4-417A-86FF-A7DA1D5E178B}
	EndGlobalSection
EndGlobal
